
Microsoft Visual Studio Solution File, Format Version 12.00
# Visual Studio 15
VisualStudioVersion = 15.0.27004.2002
MinimumVisualStudioVersion = 10.0.40219.1
Project("{9A19103F-16F7-4668-BE54-9A1E7A4F7556}") = "GetCompanyInfoTest", "GetCompanyInfoTest\GetCompanyInfoTest.csproj", "{D8677A7B-27FE-4028-8EA8-8930D17B27C6}"
EndProject
Project("{FAE04EC0-301F-11D3-BF4B-00C04F79EFBC}") = "Test", "Test\Test.csproj", "{23CE0FF2-2D09-413E-9D9A-EE38328F235E}"
EndProject
Project("{FAE04EC0-301F-11D3-BF4B-00C04F79EFBC}") = "CompanyZvalueAnalysis", "CompanyFinancialAnalysis\CompanyZvalueAnalysis.csproj", "{C8F2D1E1-DC44-4671-A41C-ABCDBB00B5C6}"
EndProject
Global
	GlobalSection(SolutionConfigurationPlatforms) = preSolution
		Debug|Any CPU = Debug|Any CPU
		Release|Any CPU = Release|Any CPU
	EndGlobalSection
	GlobalSection(ProjectConfigurationPlatforms) = postSolution
		{D8677A7B-27FE-4028-8EA8-8930D17B27C6}.Debug|Any CPU.ActiveCfg = Debug|Any CPU
		{D8677A7B-27FE-4028-8EA8-8930D17B27C6}.Debug|Any CPU.Build.0 = Debug|Any CPU
		{D8677A7B-27FE-4028-8EA8-8930D17B27C6}.Release|Any CPU.ActiveCfg = Release|Any CPU
		{D8677A7B-27FE-4028-8EA8-8930D17B27C6}.Release|Any CPU.Build.0 = Release|Any CPU
		{23CE0FF2-2D09-413E-9D9A-EE38328F235E}.Debug|Any CPU.ActiveCfg = Debug|Any CPU
		{23CE0FF2-2D09-413E-9D9A-EE38328F235E}.Debug|Any CPU.Build.0 = Debug|Any CPU
		{23CE0FF2-2D09-413E-9D9A-EE38328F235E}.Release|Any CPU.ActiveCfg = Release|Any CPU
		{23CE0FF2-2D09-413E-9D9A-EE38328F235E}.Release|Any CPU.Build.0 = Release|Any CPU
		{C8F2D1E1-DC44-4671-A41C-ABCDBB00B5C6}.Debug|Any CPU.ActiveCfg = Debug|Any CPU
		{C8F2D1E1-DC44-4671-A41C-ABCDBB00B5C6}.Debug|Any CPU.Build.0 = Debug|Any CPU
		{C8F2D1E1-DC44-4671-A41C-ABCDBB00B5C6}.Release|Any CPU.ActiveCfg = Release|Any CPU
		{C8F2D1E1-DC44-4671-A41C-ABCDBB00B5C6}.Release|Any CPU.Build.0 = Release|Any CPU
	EndGlobalSection
	GlobalSection(SolutionProperties) = preSolution
		HideSolutionNode = FALSE
	EndGlobalSection
	GlobalSection(ExtensibilityGlobals) = postSolution
		SolutionGuid = {6A6D7705-8CB1-46BF-AA1D-3B9FF40729DB}
	EndGlobalSection
EndGlobal
